// !$*UTF8*$!
{
	archiveVersion = 1;
	classes = {
	};
	objectVersion = 77;
	objects = {

/* Begin PBXFileReference section */
		E176AE1C3011E8A5001CDEBE /* campagna.html */ = {isa = PBXFileReference; lastKnownFileType = text.html; path = campagna.html; sourceTree = "<group>"; };
		E176AE213011EA93001CDEBE /* README.md */ = {isa = PBXFileReference; lastKnownFileType = sourcecode.swift; path = README.md; sourceTree = "<group>"; };
		E1C2CFD2300FBF7700AD16C9 /* index.html */ = {isa = PBXFileReference; lastKnownFileType = text.html; path = index.html; sourceTree = "<group>"; };
		E1C2CFD9300FC76B00AD16C9 /* Contatto.html */ = {isa = PBXFileReference; lastKnownFileType = sourcecode.swift; path = Contatto.html; sourceTree = "<group>"; };
		E1C2CFDA300FC78200AD16C9 /* Privacy.html */ = {isa = PBXFileReference; lastKnownFileType = sourcecode.swift; path = Privacy.html; sourceTree = "<group>"; };
		E1C2CFDB300FC79300AD16C9 /* screenshoot.html */ = {isa = PBXFileReference; lastKnownFileType = text.html; path = screenshoot.html; sourceTree = "<group>"; };
/* End PBXFileReference section */

/* Begin PBXFileSystemSynchronizedRootGroup section */
		E176AE223011EB9F001CDEBE /* Assets */ = {
			isa = PBXFileSystemSynchronizedRootGroup;
			path = Assets;
			sourceTree = "<group>";
		};
/* End PBXFileSystemSynchronizedRootGroup section */

/* Begin PBXGroup section */
		E1C2CFCB300FBF7100AD16C9 = {
			isa = PBXGroup;
			children = (
				E176AE223011EB9F001CDEBE /* Assets */,
				E176AE213011EA93001CDEBE /* README.md */,
				E176AE1C3011E8A5001CDEBE /* campagna.html */,
				E1C2CFDB300FC79300AD16C9 /* screenshoot.html */,
				E1C2CFDA300FC78200AD16C9 /* Privacy.html */,
				E1C2CFD9300FC76B00AD16C9 /* Contatto.html */,
				E1C2CFD2300FBF7700AD16C9 /* index.html */,
			);
			sourceTree = "<group>";
		};
/* End PBXGroup section */

/* Begin PBXProject section */
		E1C2CFCC300FBF7100AD16C9 /* Project object */ = {
			isa = PBXProject;
			attributes = {
				BuildIndependentTargetsInParallel = 1;
				LastUpgradeCheck = 2660;
			};
			buildConfigurationList = E1C2CFCF300FBF7100AD16C9 /* Build configuration list for PBXProject "QuizGenioWebPage" */;
			developmentRegion = en;
			hasScannedForEncodings = 0;
			knownRegions = (
				en,
				Base,
			);
			mainGroup = E1C2CFCB300FBF7100AD16C9;
			minimizedProjectReferenceProxies = 1;
			preferredProjectObjectVersion = 77;
			projectDirPath = "";
			projectRoot = "";
			targets = (
			);
		};
/* End PBXProject section */

/* Begin XCBuildConfiguration section */
		E1C2CFD0300FBF7100AD16C9 /* Debug */ = {
			isa = XCBuildConfiguration;
			buildSettings = {
				DEVELOPMENT_TEAM = 8L44WF97WK;
			};
			name = Debug;
		};
		E1C2CFD1300FBF7100AD16C9 /* Release */ = {
			isa = XCBuildConfiguration;
			buildSettings = {
				DEVELOPMENT_TEAM = 8L44WF97WK;
			};
			name = Release;
		};
/* End XCBuildConfiguration section */

/* Begin XCConfigurationList section */
		E1C2CFCF300FBF7100AD16C9 /* Build configuration list for PBXProject "QuizGenioWebPage" */ = {
			isa = XCConfigurationList;
			buildConfigurations = (
				E1C2CFD0300FBF7100AD16C9 /* Debug */,
				E1C2CFD1300FBF7100AD16C9 /* Release */,
			);
			defaultConfigurationIsVisible = 0;
			defaultConfigurationName = Release;
		};
/* End XCConfigurationList section */
	};
	rootObject = E1C2CFCC300FBF7100AD16C9 /* Project object */;
}
